
Microsoft Visual Studio Solution File, Format Version 12.00
# Visual Studio Version 17
VisualStudioVersion = 17.14.36414.22
MinimumVisualStudioVersion = 10.0.40219.1
Project("{2150E333-8FDC-42A3-9474-1A3956D46DE8}") = "Task0", "Task0", "{02EA681E-C7D8-13C7-8484-4AC65E1B71E8}"
EndProject
Project("{FAE04EC0-301F-11D3-BF4B-00C04F79EFBC}") = "Tyuiu.KarpovAA.Sprint0.Task0.V0", "Tyuiu.KarpovAA.Sprint0.Task0.V0\Tyuiu.KarpovAA.Sprint0.Task0.V0.csproj", "{A26FB89F-B4DD-480E-802F-BE9ACF0C4A0B}"
EndProject
Project("{2150E333-8FDC-42A3-9474-1A3956D46DE8}") = "Task1", "Task1", "{2BFE3D69-FB1E-4678-BB48-B2A6C17048EB}"
EndProject
Project("{FAE04EC0-301F-11D3-BF4B-00C04F79EFBC}") = "Tyuiu.KarpovAA.Sprint0.Task1.V0", "Tyuiu.KarpovAA.Sprint0.Task1.V0\Tyuiu.KarpovAA.Sprint0.Task1.V0.csproj", "{E7F077D6-7DEB-4854-A603-46E49013FA09}"
EndProject
Project("{2150E333-8FDC-42A3-9474-1A3956D46DE8}") = "Task2", "Task2", "{EDF0C033-57AF-4EA0-82D5-D6E33CFAA23A}"
EndProject
Project("{FAE04EC0-301F-11D3-BF4B-00C04F79EFBC}") = "Tyuiu.KarpovAA.Sprint0.Task2.V0", "Tyuiu.KarpovAA.Sprint0.Task2.V0\Tyuiu.KarpovAA.Sprint0.Task2.V0.csproj", "{FEACC408-73BE-42C6-B061-DCC0326107DC}"
EndProject
Project("{FAE04EC0-301F-11D3-BF4B-00C04F79EFBC}") = "Tyuiu.KarpovAA.Sprint0.Task2.V0.Lib", "Tyuiu.KarpovAA.Sprint0.Task2.V0.Lib\Tyuiu.KarpovAA.Sprint0.Task2.V0.Lib.csproj", "{AE835AE4-2338-4832-AFC1-03DABBB8116C}"
EndProject
Project("{FAE04EC0-301F-11D3-BF4B-00C04F79EFBC}") = "Tyuiu.KarpovAA.Sprint0.Task2.V0.Test", "Tyuiu.KarpovAA.Sprint0.Task2.V0.Test\Tyuiu.KarpovAA.Sprint0.Task2.V0.Test.csproj", "{76DF4B31-5AB7-4318-AF48-E6E2CF547C4C}"
EndProject
Project("{2150E333-8FDC-42A3-9474-1A3956D46DE8}") = "Task3", "Task3", "{42CE3685-856D-4288-8AA4-3441FD00C9A7}"
EndProject
Project("{FAE04EC0-301F-11D3-BF4B-00C04F79EFBC}") = "Tyuiu.KarpovAA.Sprint0.Task3.V0", "Tyuiu.KarpovAA.Sprint0.Task3.V0\Tyuiu.KarpovAA.Sprint0.Task3.V0.csproj", "{3168AD11-8D0A-468B-824B-2057F804ED1C}"
EndProject
Project("{FAE04EC0-301F-11D3-BF4B-00C04F79EFBC}") = "Tyuiu.KarpovAA.Sprint0.Task3.V0.Lib", "Tyuiu.KarpovAA.Sprint0.Task3.V0.Lib\Tyuiu.KarpovAA.Sprint0.Task3.V0.Lib.csproj", "{7FB278FF-38A9-4667-9D03-CC4E578675D8}"
EndProject
Project("{FAE04EC0-301F-11D3-BF4B-00C04F79EFBC}") = "Tyuiu.KarpovAA.Sprint0.Task3.V0.Test", "Tyuiu.KarpovAA.Sprint0.Task3.V0.Test\Tyuiu.KarpovAA.Sprint0.Task3.V0.Test.csproj", "{428EEE30-0400-4E0C-9DE2-6191CDD196DF}"
EndProject
Project("{2150E333-8FDC-42A3-9474-1A3956D46DE8}") = "Task4", "Task4", "{0B30147D-5849-4FA1-90EC-BC393C11F7A9}"
EndProject
Project("{FAE04EC0-301F-11D3-BF4B-00C04F79EFBC}") = "Tyuiu.KarpovAA.Sprint0.Task4.V0", "Tyuiu.KarpovAA.Sprint0.Task4.V0\Tyuiu.KarpovAA.Sprint0.Task4.V0.csproj", "{C76FE1E8-5695-4FCC-9B1F-F8B653B3A871}"
EndProject
Project("{FAE04EC0-301F-11D3-BF4B-00C04F79EFBC}") = "Tyuiu.KarpovAA.Sprint0.Task4.V0.Lib", "Tyuiu.KarpovAA.Sprint0.Task4.V0.Lib\Tyuiu.KarpovAA.Sprint0.Task4.V0.Lib.csproj", "{DB772776-316C-4B61-9328-025803DC542A}"
EndProject
Project("{FAE04EC0-301F-11D3-BF4B-00C04F79EFBC}") = "Tyuiu.KarpovAA.Sprint0.Task4.V0.Test", "Tyuiu.KarpovAA.Sprint0.Task4.V0.Test\Tyuiu.KarpovAA.Sprint0.Task4.V0.Test.csproj", "{A9ECDAD7-754F-4425-AA56-7F8F26B750FF}"
EndProject
Global
	GlobalSection(SolutionConfigurationPlatforms) = preSolution
		Debug|Any CPU = Debug|Any CPU
		Release|Any CPU = Release|Any CPU
	EndGlobalSection
	GlobalSection(ProjectConfigurationPlatforms) = postSolution
		{A26FB89F-B4DD-480E-802F-BE9ACF0C4A0B}.Debug|Any CPU.ActiveCfg = Debug|Any CPU
		{A26FB89F-B4DD-480E-802F-BE9ACF0C4A0B}.Debug|Any CPU.Build.0 = Debug|Any CPU
		{A26FB89F-B4DD-480E-802F-BE9ACF0C4A0B}.Release|Any CPU.ActiveCfg = Release|Any CPU
		{A26FB89F-B4DD-480E-802F-BE9ACF0C4A0B}.Release|Any CPU.Build.0 = Release|Any CPU
		{E7F077D6-7DEB-4854-A603-46E49013FA09}.Debug|Any CPU.ActiveCfg = Debug|Any CPU
		{E7F077D6-7DEB-4854-A603-46E49013FA09}.Debug|Any CPU.Build.0 = Debug|Any CPU
		{E7F077D6-7DEB-4854-A603-46E49013FA09}.Release|Any CPU.ActiveCfg = Release|Any CPU
		{E7F077D6-7DEB-4854-A603-46E49013FA09}.Release|Any CPU.Build.0 = Release|Any CPU
		{FEACC408-73BE-42C6-B061-DCC0326107DC}.Debug|Any CPU.ActiveCfg = Debug|Any CPU
		{FEACC408-73BE-42C6-B061-DCC0326107DC}.Debug|Any CPU.Build.0 = Debug|Any CPU
		{FEACC408-73BE-42C6-B061-DCC0326107DC}.Release|Any CPU.ActiveCfg = Release|Any CPU
		{FEACC408-73BE-42C6-B061-DCC0326107DC}.Release|Any CPU.Build.0 = Release|Any CPU
		{AE835AE4-2338-4832-AFC1-03DABBB8116C}.Debug|Any CPU.ActiveCfg = Debug|Any CPU
		{AE835AE4-2338-4832-AFC1-03DABBB8116C}.Debug|Any CPU.Build.0 = Debug|Any CPU
		{AE835AE4-2338-4832-AFC1-03DABBB8116C}.Release|Any CPU.ActiveCfg = Release|Any CPU
		{AE835AE4-2338-4832-AFC1-03DABBB8116C}.Release|Any CPU.Build.0 = Release|Any CPU
		{76DF4B31-5AB7-4318-AF48-E6E2CF547C4C}.Debug|Any CPU.ActiveCfg = Debug|Any CPU
		{76DF4B31-5AB7-4318-AF48-E6E2CF547C4C}.Debug|Any CPU.Build.0 = Debug|Any CPU
		{76DF4B31-5AB7-4318-AF48-E6E2CF547C4C}.Release|Any CPU.ActiveCfg = Release|Any CPU
		{76DF4B31-5AB7-4318-AF48-E6E2CF547C4C}.Release|Any CPU.Build.0 = Release|Any CPU
		{3168AD11-8D0A-468B-824B-2057F804ED1C}.Debug|Any CPU.ActiveCfg = Debug|Any CPU
		{3168AD11-8D0A-468B-824B-2057F804ED1C}.Debug|Any CPU.Build.0 = Debug|Any CPU
		{3168AD11-8D0A-468B-824B-2057F804ED1C}.Release|Any CPU.ActiveCfg = Release|Any CPU
		{3168AD11-8D0A-468B-824B-2057F804ED1C}.Release|Any CPU.Build.0 = Release|Any CPU
		{7FB278FF-38A9-4667-9D03-CC4E578675D8}.Debug|Any CPU.ActiveCfg = Debug|Any CPU
		{7FB278FF-38A9-4667-9D03-CC4E578675D8}.Debug|Any CPU.Build.0 = Debug|Any CPU
		{7FB278FF-38A9-4667-9D03-CC4E578675D8}.Release|Any CPU.ActiveCfg = Release|Any CPU
		{7FB278FF-38A9-4667-9D03-CC4E578675D8}.Release|Any CPU.Build.0 = Release|Any CPU
		{428EEE30-0400-4E0C-9DE2-6191CDD196DF}.Debug|Any CPU.ActiveCfg = Debug|Any CPU
		{428EEE30-0400-4E0C-9DE2-6191CDD196DF}.Debug|Any CPU.Build.0 = Debug|Any CPU
		{428EEE30-0400-4E0C-9DE2-6191CDD196DF}.Release|Any CPU.ActiveCfg = Release|Any CPU
		{428EEE30-0400-4E0C-9DE2-6191CDD196DF}.Release|Any CPU.Build.0 = Release|Any CPU
		{C76FE1E8-5695-4FCC-9B1F-F8B653B3A871}.Debug|Any CPU.ActiveCfg = Debug|Any CPU
		{C76FE1E8-5695-4FCC-9B1F-F8B653B3A871}.Debug|Any CPU.Build.0 = Debug|Any CPU
		{C76FE1E8-5695-4FCC-9B1F-F8B653B3A871}.Release|Any CPU.ActiveCfg = Release|Any CPU
		{C76FE1E8-5695-4FCC-9B1F-F8B653B3A871}.Release|Any CPU.Build.0 = Release|Any CPU
		{DB772776-316C-4B61-9328-025803DC542A}.Debug|Any CPU.ActiveCfg = Debug|Any CPU
		{DB772776-316C-4B61-9328-025803DC542A}.Debug|Any CPU.Build.0 = Debug|Any CPU
		{DB772776-316C-4B61-9328-025803DC542A}.Release|Any CPU.ActiveCfg = Release|Any CPU
		{DB772776-316C-4B61-9328-025803DC542A}.Release|Any CPU.Build.0 = Release|Any CPU
		{A9ECDAD7-754F-4425-AA56-7F8F26B750FF}.Debug|Any CPU.ActiveCfg = Debug|Any CPU
		{A9ECDAD7-754F-4425-AA56-7F8F26B750FF}.Debug|Any CPU.Build.0 = Debug|Any CPU
		{A9ECDAD7-754F-4425-AA56-7F8F26B750FF}.Release|Any CPU.ActiveCfg = Release|Any CPU
		{A9ECDAD7-754F-4425-AA56-7F8F26B750FF}.Release|Any CPU.Build.0 = Release|Any CPU
	EndGlobalSection
	GlobalSection(SolutionProperties) = preSolution
		HideSolutionNode = FALSE
	EndGlobalSection
	GlobalSection(NestedProjects) = preSolution
		{A26FB89F-B4DD-480E-802F-BE9ACF0C4A0B} = {02EA681E-C7D8-13C7-8484-4AC65E1B71E8}
		{E7F077D6-7DEB-4854-A603-46E49013FA09} = {2BFE3D69-FB1E-4678-BB48-B2A6C17048EB}
		{FEACC408-73BE-42C6-B061-DCC0326107DC} = {EDF0C033-57AF-4EA0-82D5-D6E33CFAA23A}
		{AE835AE4-2338-4832-AFC1-03DABBB8116C} = {EDF0C033-57AF-4EA0-82D5-D6E33CFAA23A}
		{76DF4B31-5AB7-4318-AF48-E6E2CF547C4C} = {EDF0C033-57AF-4EA0-82D5-D6E33CFAA23A}
		{3168AD11-8D0A-468B-824B-2057F804ED1C} = {42CE3685-856D-4288-8AA4-3441FD00C9A7}
		{7FB278FF-38A9-4667-9D03-CC4E578675D8} = {42CE3685-856D-4288-8AA4-3441FD00C9A7}
		{428EEE30-0400-4E0C-9DE2-6191CDD196DF} = {42CE3685-856D-4288-8AA4-3441FD00C9A7}
		{C76FE1E8-5695-4FCC-9B1F-F8B653B3A871} = {0B30147D-5849-4FA1-90EC-BC393C11F7A9}
		{DB772776-316C-4B61-9328-025803DC542A} = {0B30147D-5849-4FA1-90EC-BC393C11F7A9}
		{A9ECDAD7-754F-4425-AA56-7F8F26B750FF} = {0B30147D-5849-4FA1-90EC-BC393C11F7A9}
	EndGlobalSection
	GlobalSection(ExtensibilityGlobals) = postSolution
		SolutionGuid = {DF9C37B5-72B6-4C72-82ED-E9A4A9DC685F}
	EndGlobalSection
EndGlobal
